{
  "name": "@pplancq/dev-tools",
  "version": "0.0.0",
  "lockfileVersion": 3,
  "requires": true,
  "packages": {
    "": {
      "name": "@pplancq/dev-tools",
      "version": "0.0.0",
      "license": "MIT",
      "workspaces": [
        "packages/*"
      ]
    },
    "node_modules/@pplancq/prettier-config": {
      "resolved": "packages/prettier-config",
      "link": true
    },
    "packages/babel-config": {
      "name": "@pplancq-dev/babel-config",
      "version": "0.0.0",
      "extraneous": true,
      "license": "MIT",
      "dependencies": {
        "@babel/preset-env": "^7.23.6",
        "@babel/preset-react": "^7.23.3",
        "@babel/preset-typescript": "^7.23.3",
        "babel-plugin-transform-react-remove-prop-types": "^0.4.24"
      },
      "bin": {
        "init-babel-config": "bin/init.js"
      }
    },
    "packages/commitlint-config": {
      "name": "@pplancq-dev/commitlint-config",
      "version": "0.0.0",
      "extraneous": true,
      "license": "MIT",
      "dependencies": {
        "@commitlint/config-conventional": "^18.4.3"
      },
      "bin": {
        "init-commitlint-config": "bin/init.js"
      },
      "peerDependencies": {
        "@commitlint/cli": "^18.4.3"
      }
    },
    "packages/create-react-app": {
      "name": "@pplancq-dev/create-react-app",
      "version": "0.0.0",
      "extraneous": true,
      "license": "MIT",
      "dependencies": {
        "chalk": "^5.3.0",
        "commander": "^11.1.0"
      },
      "bin": {
        "create-react-app": "index.js"
      }
    },
    "packages/eslint-config": {
      "name": "@pplancq-dev/eslint-config",
      "version": "0.0.0",
      "extraneous": true,
      "license": "MIT",
      "dependencies": {
        "@typescript-eslint/eslint-plugin": "^6.14.0",
        "@typescript-eslint/parser": "^6.14.0",
        "eslint-config-airbnb": "^19.0.4",
        "eslint-config-prettier": "^9.1.0",
        "eslint-import-resolver-typescript": "^3.6.1",
        "eslint-plugin-import": "^2.29.0",
        "eslint-plugin-jest": "^27.6.0",
        "eslint-plugin-jest-dom": "^5.1.0",
        "eslint-plugin-jest-extended": "^2.0.0",
        "eslint-plugin-jsx-a11y": "^6.8.0",
        "eslint-plugin-prettier": "^5.0.1",
        "eslint-plugin-react": "^7.33.2",
        "eslint-plugin-react-hooks": "^4.6.0",
        "eslint-plugin-testing-library": "^6.2.0",
        "eslint-plugin-vitest": "^0.3.17",
        "eslint-plugin-vitest-globals": "^1.4.0"
      },
      "bin": {
        "init-eslint-config": "bin/init.js"
      },
      "peerDependencies": {
        "eslint": "^8.55.0",
        "prettier": "^3.1.1"
      },
      "peerDependenciesMeta": {
        "prettier": {
          "optional": true
        }
      }
    },
    "packages/postcss-config": {
      "name": "@pplancq-dev/postcss-config",
      "version": "0.0.0",
      "extraneous": true,
      "license": "MIT",
      "dependencies": {
        "postcss-flexbugs-fixes": "^5.0.2",
        "postcss-normalize": "^10.0.1",
        "postcss-preset-env": "^9.3.0"
      },
      "bin": {
        "init-postcss-config": "bin/init.js"
      }
    },
    "packages/prettier-config": {
      "name": "@pplancq/prettier-config",
      "version": "0.0.0",
      "license": "MIT"
    },
    "packages/react-template": {
      "name": "@pplancq-dev/react-template",
      "version": "0.0.0",
      "extraneous": true,
      "license": "MIT",
      "dependencies": {
        "@hookform/resolvers": "^3.3.2",
        "react": "^18.2.0",
        "react-dom": "^18.2.0",
        "react-hook-form": "^7.49.2",
        "react-query": "^3.39.3",
        "react-router-dom": "^6.21.0",
        "yup": "^1.3.3"
      },
      "devDependencies": {
        "@pplancq-dev/babel-config": "*",
        "@pplancq-dev/commitlint-config": "*",
        "@pplancq-dev/eslint-config": "*",
        "@pplancq-dev/postcss-config": "*",
        "@pplancq-dev/prettier-config": "*",
        "@pplancq-dev/stylelint-config": "*",
        "@pplancq-dev/webpack-config": "*",
        "@svgr/webpack": "^8.1.0",
        "@testing-library/jest-dom": "^6.1.5",
        "@testing-library/react": "^14.1.2",
        "@testing-library/user-event": "^14.5.1",
        "@types/react": "^18.2.45",
        "@types/react-dom": "^18.2.18",
        "@vitejs/plugin-react": "^4.2.1",
        "@vitest/coverage-v8": "^1.0.4",
        "concurrently": "^8.2.2",
        "husky": "^8.0.3",
        "jsdom": "^23.0.1",
        "lint-staged": "^15.2.0",
        "tsc-files": "^1.1.4",
        "typescript": "^5.3.3",
        "vite-plugin-svgr": "^4.2.0",
        "vite-tsconfig-paths": "^4.2.2",
        "vitest": "^1.0.4",
        "vitest-sonar-reporter": "^1.0.0"
      }
    },
    "packages/semantic-release-config": {
      "name": "@pplancq-dev/semantic-release-config",
      "version": "0.0.0",
      "extraneous": true,
      "license": "MIT",
      "dependencies": {
        "@semantic-release/changelog": "^6.0.3",
        "@semantic-release/commit-analyzer": "^11.1.0",
        "@semantic-release/git": "^10.0.1",
        "@semantic-release/gitlab": "^12.1.1",
        "@semantic-release/npm": "^11.0.2",
        "@semantic-release/release-notes-generator": "^12.1.0",
        "conventional-changelog-conventionalcommits": "^7.0.2"
      },
      "bin": {
        "init-semantic-release-config": "bin/init.js"
      },
      "peerDependencies": {
        "semantic-release": "^22.0.12"
      }
    },
    "packages/stylelint-config": {
      "name": "@pplancq-dev/stylelint-config",
      "version": "0.0.0",
      "extraneous": true,
      "license": "MIT",
      "dependencies": {
        "stylelint-config-pretty-order": "^0.4.1",
        "stylelint-config-recommended-scss": "^13.1.0",
        "stylelint-config-standard": "^34.0.0",
        "stylelint-prettier": "^4.1.0"
      },
      "bin": {
        "init-stylelint-config": "bin/init.js"
      },
      "peerDependencies": {
        "prettier": "^3.1.1",
        "stylelint": "^15.11.0"
      },
      "peerDependenciesMeta": {
        "prettier": {
          "optional": true
        }
      }
    },
    "packages/webpack-config": {
      "name": "@pplancq-dev/webpack-config",
      "version": "0.0.0",
      "extraneous": true,
      "license": "MIT",
      "dependencies": {
        "@babel/core": "^7.23.5",
        "@pmmmwh/react-refresh-webpack-plugin": "^0.5.11",
        "@svgr/webpack": "^8.1.0",
        "babel-loader": "^9.1.3",
        "browserslist": "^4.22.2",
        "case-sensitive-paths-webpack-plugin": "^2.4.0",
        "clean-webpack-plugin": "^4.0.0",
        "copy-webpack-plugin": "^11.0.0",
        "css-loader": "^6.8.1",
        "css-minimizer-webpack-plugin": "^5.0.1",
        "dotenv": "^16.3.1",
        "dotenv-expand": "^10.0.0",
        "eslint-webpack-plugin": "^4.0.1",
        "file-loader": "^6.2.0",
        "fork-ts-checker-webpack-plugin": "^9.0.2",
        "html-webpack-plugin": "^5.5.3",
        "mini-css-extract-plugin": "^2.7.6",
        "postcss-loader": "^7.3.3",
        "react-refresh": "^0.14.0",
        "resolve-url-loader": "^5.0.0",
        "sass": "^1.69.5",
        "sass-loader": "^13.3.2",
        "style-loader": "^3.3.3",
        "stylelint-webpack-plugin": "^4.1.1",
        "terser-webpack-plugin": "^5.3.9",
        "tsconfig-paths-webpack-plugin": "^4.1.0"
      },
      "bin": {
        "init-webpack-config": "bin/init.js"
      },
      "peerDependencies": {
        "webpack": "^5.89.0",
        "webpack-cli": "^5.1.4",
        "webpack-dev-server": "^4.15.1"
      }
    }
  }
}
