{
  "name": "@pplancq/dev-tools",
  "version": "0.0.0",
  "lockfileVersion": 3,
  "requires": true,
  "packages": {
    "": {
      "name": "@pplancq/dev-tools",
      "version": "0.0.0",
      "license": "MIT",
      "workspaces": [
        "packages/*"
      ]
    },
    "node_modules/@pplancq/prettier-config": {
      "resolved": "packages/prettier-config",
      "link": true
    },
    "node_modules/@pplancq/commitlint-config": {
      "resolved": "packages/commitlint-config",
      "link": true
    },
    "node_modules/mvdan-sh": {
      "version": "0.10.1",
      "license": "BSD-3-Clause"
    },
    "node_modules/prettier": {
      "version": "3.2.4",
      "license": "MIT",
      "peer": true,
      "bin": {
        "prettier": "bin/prettier.cjs"
      },
      "engines": {
        "node": ">=14"
      },
      "funding": {
        "url": "https://github.com/prettier/prettier?sponsor=1"
      }
    },
    "node_modules/prettier-plugin-sh": {
      "version": "0.13.1",
      "license": "MIT",
      "dependencies": {
        "mvdan-sh": "^0.10.1",
        "sh-syntax": "^0.4.1"
      },
      "engines": {
        "node": ">=16.0.0"
      },
      "funding": {
        "url": "https://opencollective.com/unts"
      },
      "peerDependencies": {
        "prettier": "^3.0.0"
      }
    },
    "node_modules/sh-syntax": {
      "version": "0.4.1",
      "license": "MIT",
      "dependencies": {
        "tslib": "^2.6.0"
      },
      "engines": {
        "node": ">=16.0.0"
      },
      "funding": {
        "url": "https://opencollective.com/unts"
      }
    },
    "node_modules/tslib": {
      "version": "2.6.2",
      "license": "0BSD"
    },
    "packages/commitlint-config": {
      "name": "@pplancq/commitlint-config",
      "version": "0.0.0",
      "license": "MIT"
    },
    "packages/create-react-app": {
      "extraneous": true
    },
    "packages/prettier-config": {
      "name": "@pplancq/prettier-config",
      "version": "0.0.0",
      "license": "MIT",
      "dependencies": {
        "prettier-plugin-sh": "^0.13.1"
      },
      "bin": {
        "init-prettier-config": "bin/init.js"
      },
      "peerDependencies": {
        "prettier": "^3.1.1"
      }
    },
    "packages/react-template": {
      "extraneous": true
    },
    "packages/webpack-config": {
      "extraneous": true
    }
  }
}
